
Microsoft Visual Studio Solution File, Format Version 12.00
# Visual Studio Version 16
VisualStudioVersion = 16.0.30204.135
MinimumVisualStudioVersion = 10.0.40219.1
Project("{F184B08F-C81C-45F6-A57F-5ABD9991F28F}") = "Area de un triangulo", "Area de un triangulo\Area de un triangulo.vbproj", "{8706C4B1-0D7C-48C4-9F7A-08C41F4852BE}"
EndProject
Global
	GlobalSection(SolutionConfigurationPlatforms) = preSolution
		Debug|Any CPU = Debug|Any CPU
		Release|Any CPU = Release|Any CPU
	EndGlobalSection
	GlobalSection(ProjectConfigurationPlatforms) = postSolution
		{8706C4B1-0D7C-48C4-9F7A-08C41F4852BE}.Debug|Any CPU.ActiveCfg = Debug|Any CPU
		{8706C4B1-0D7C-48C4-9F7A-08C41F4852BE}.Debug|Any CPU.Build.0 = Debug|Any CPU
		{8706C4B1-0D7C-48C4-9F7A-08C41F4852BE}.Release|Any CPU.ActiveCfg = Release|Any CPU
		{8706C4B1-0D7C-48C4-9F7A-08C41F4852BE}.Release|Any CPU.Build.0 = Release|Any CPU
	EndGlobalSection
	GlobalSection(SolutionProperties) = preSolution
		HideSolutionNode = FALSE
	EndGlobalSection
	GlobalSection(ExtensibilityGlobals) = postSolution
		SolutionGuid = {521BD87C-3EAA-499D-ABCF-69EF94AE0CE2}
	EndGlobalSection
EndGlobal
